
Microsoft Visual Studio Solution File, Format Version 12.00
# Visual Studio 2012
Project("{FAE04EC0-301F-11D3-BF4B-00C04F79EFBC}") = "XamarinUI", "XamarinUI\XamarinUI.csproj", "{917FDBDA-1A05-4AF1-982E-E470F3D90936}"
EndProject
Project("{FAE04EC0-301F-11D3-BF4B-00C04F79EFBC}") = "XamarinUI.Droid", "Droid\XamarinUI.Droid.csproj", "{BF649855-77EF-420E-97B3-6704C95E5AB5}"
EndProject
Project("{FAE04EC0-301F-11D3-BF4B-00C04F79EFBC}") = "XamarinUI.iOS", "XamarinUI.iOS\XamarinUI.iOS.csproj", "{3CF81344-6243-4DF0-9195-87E7A452E23F}"
EndProject
Global
	GlobalSection(SolutionConfigurationPlatforms) = preSolution
		Debug|Any CPU = Debug|Any CPU
		Release|Any CPU = Release|Any CPU
		Debug|iPhoneSimulator = Debug|iPhoneSimulator
		Release|iPhone = Release|iPhone
		Release|iPhoneSimulator = Release|iPhoneSimulator
		Debug|iPhone = Debug|iPhone
	EndGlobalSection
	GlobalSection(ProjectConfigurationPlatforms) = postSolution
		{917FDBDA-1A05-4AF1-982E-E470F3D90936}.Debug|Any CPU.ActiveCfg = Debug|Any CPU
		{917FDBDA-1A05-4AF1-982E-E470F3D90936}.Debug|Any CPU.Build.0 = Debug|Any CPU
		{917FDBDA-1A05-4AF1-982E-E470F3D90936}.Release|Any CPU.ActiveCfg = Release|Any CPU
		{917FDBDA-1A05-4AF1-982E-E470F3D90936}.Release|Any CPU.Build.0 = Release|Any CPU
		{917FDBDA-1A05-4AF1-982E-E470F3D90936}.Debug|iPhoneSimulator.ActiveCfg = Debug|Any CPU
		{917FDBDA-1A05-4AF1-982E-E470F3D90936}.Debug|iPhoneSimulator.Build.0 = Debug|Any CPU
		{917FDBDA-1A05-4AF1-982E-E470F3D90936}.Release|iPhone.ActiveCfg = Release|Any CPU
		{917FDBDA-1A05-4AF1-982E-E470F3D90936}.Release|iPhone.Build.0 = Release|Any CPU
		{917FDBDA-1A05-4AF1-982E-E470F3D90936}.Release|iPhoneSimulator.ActiveCfg = Release|Any CPU
		{917FDBDA-1A05-4AF1-982E-E470F3D90936}.Release|iPhoneSimulator.Build.0 = Release|Any CPU
		{917FDBDA-1A05-4AF1-982E-E470F3D90936}.Debug|iPhone.ActiveCfg = Debug|Any CPU
		{917FDBDA-1A05-4AF1-982E-E470F3D90936}.Debug|iPhone.Build.0 = Debug|Any CPU
		{BF649855-77EF-420E-97B3-6704C95E5AB5}.Debug|Any CPU.ActiveCfg = Debug|Any CPU
		{BF649855-77EF-420E-97B3-6704C95E5AB5}.Debug|Any CPU.Build.0 = Debug|Any CPU
		{BF649855-77EF-420E-97B3-6704C95E5AB5}.Release|Any CPU.ActiveCfg = Release|Any CPU
		{BF649855-77EF-420E-97B3-6704C95E5AB5}.Release|Any CPU.Build.0 = Release|Any CPU
		{BF649855-77EF-420E-97B3-6704C95E5AB5}.Debug|iPhoneSimulator.ActiveCfg = Debug|Any CPU
		{BF649855-77EF-420E-97B3-6704C95E5AB5}.Debug|iPhoneSimulator.Build.0 = Debug|Any CPU
		{BF649855-77EF-420E-97B3-6704C95E5AB5}.Release|iPhone.ActiveCfg = Release|Any CPU
		{BF649855-77EF-420E-97B3-6704C95E5AB5}.Release|iPhone.Build.0 = Release|Any CPU
		{BF649855-77EF-420E-97B3-6704C95E5AB5}.Release|iPhoneSimulator.ActiveCfg = Release|Any CPU
		{BF649855-77EF-420E-97B3-6704C95E5AB5}.Release|iPhoneSimulator.Build.0 = Release|Any CPU
		{BF649855-77EF-420E-97B3-6704C95E5AB5}.Debug|iPhone.ActiveCfg = Debug|Any CPU
		{BF649855-77EF-420E-97B3-6704C95E5AB5}.Debug|iPhone.Build.0 = Debug|Any CPU
		{3CF81344-6243-4DF0-9195-87E7A452E23F}.Debug|Any CPU.ActiveCfg = Debug|Any CPU
		{3CF81344-6243-4DF0-9195-87E7A452E23F}.Debug|Any CPU.Build.0 = Debug|Any CPU
		{3CF81344-6243-4DF0-9195-87E7A452E23F}.Release|Any CPU.ActiveCfg = Release|Any CPU
		{3CF81344-6243-4DF0-9195-87E7A452E23F}.Release|Any CPU.Build.0 = Release|Any CPU
		{3CF81344-6243-4DF0-9195-87E7A452E23F}.Debug|iPhoneSimulator.ActiveCfg = Debug|Any CPU
		{3CF81344-6243-4DF0-9195-87E7A452E23F}.Debug|iPhoneSimulator.Build.0 = Debug|Any CPU
		{3CF81344-6243-4DF0-9195-87E7A452E23F}.Release|iPhone.ActiveCfg = Release|Any CPU
		{3CF81344-6243-4DF0-9195-87E7A452E23F}.Release|iPhone.Build.0 = Release|Any CPU
		{3CF81344-6243-4DF0-9195-87E7A452E23F}.Release|iPhoneSimulator.ActiveCfg = Release|Any CPU
		{3CF81344-6243-4DF0-9195-87E7A452E23F}.Release|iPhoneSimulator.Build.0 = Release|Any CPU
		{3CF81344-6243-4DF0-9195-87E7A452E23F}.Debug|iPhone.ActiveCfg = Debug|Any CPU
		{3CF81344-6243-4DF0-9195-87E7A452E23F}.Debug|iPhone.Build.0 = Debug|Any CPU
	EndGlobalSection
EndGlobal
